<?xml version="1.0" encoding="utf-8"?>
<Project ToolsVersion="4.0" xmlns="http://schemas.microsoft.com/developer/msbuild/2003">
  <ItemGroup>
    <Filter Include="Source Files">
      <UniqueIdentifier>{4FC737F1-C7A5-4376-A066-2A32D752A2FF}</UniqueIdentifier>
      <Extensions>cpp;c;cc;cxx;def;odl;idl;hpj;bat;asm;asmx</Extensions>
    </Filter>
    <Filter Include="Header Files">
      <UniqueIdentifier>{93995380-89BD-4b04-88EB-625FBE52EBFB}</UniqueIdentifier>
      <Extensions>h;hpp;hxx;hm;inl;inc;xsd</Extensions>
    </Filter>
    <Filter Include="Resource Files">
      <UniqueIdentifier>{67DA6AB6-F800-4c08-8B7A-83BB121AAD01}</UniqueIdentifier>
      <Extensions>rc;ico;cur;bmp;dlg;rc2;rct;bin;rgs;gif;jpg;jpeg;jpe;resx;tiff;tif;png;wav</Extensions>
    </Filter>
    <Filter Include="ctl">
      <UniqueIdentifier>{cc254f44-0bca-4207-90df-1e7bfb2d2dbb}</UniqueIdentifier>
    </Filter>
    <Filter Include="MediaStreaming">
      <UniqueIdentifier>{6c25a8c6-cc64-45a4-a5f8-23aba61ea248}</UniqueIdentifier>
    </Filter>
    <Filter Include="WinsockCallouts">
      <UniqueIdentifier>{b3e62cb3-4bce-4b76-9db0-21b6538f2a45}</UniqueIdentifier>
    </Filter>
    <Filter Include="SdkChanges">
      <UniqueIdentifier>{40fe5a12-4000-433d-afa4-7e5ac166ed06}</UniqueIdentifier>
    </Filter>
    <Filter Include="FutureIOPattern">
      <UniqueIdentifier>{3fea6222-7f01-4773-b6f4-d571615fba5a}</UniqueIdentifier>
    </Filter>
    <Filter Include="TestScripts">
      <UniqueIdentifier>{7a26a09e-bbb3-4862-8220-a6a28a2e979d}</UniqueIdentifier>
    </Filter>
    <Filter Include="TCPFunctions">
      <UniqueIdentifier>{6c98383c-dafa-4647-b058-92fa7c1e4636}</UniqueIdentifier>
    </Filter>
  </ItemGroup>
  <ItemGroup>
    <ClCompile Include="ctsConfig.cpp">
      <Filter>Source Files</Filter>
    </ClCompile>
    <ClCompile Include="ctsIOPattern.cpp">
      <Filter>Source Files</Filter>
    </ClCompile>
    <ClCompile Include="ctsSocket.cpp">
      <Filter>Source Files</Filter>
    </ClCompile>
    <ClCompile Include="ctsSocketBroker.cpp">
      <Filter>Source Files</Filter>
    </ClCompile>
    <ClCompile Include="ctsSocketState.cpp">
      <Filter>Source Files</Filter>
    </ClCompile>
    <ClCompile Include="ctsTraffic.cpp">
      <Filter>Source Files</Filter>
    </ClCompile>
    <ClCompile Include="ctsMediaStreamServerConnectedSocket.cpp">
      <Filter>MediaStreaming</Filter>
    </ClCompile>
    <ClCompile Include="ctsMediaStreamServerListeningSocket.cpp">
      <Filter>MediaStreaming</Filter>
    </ClCompile>
    <ClCompile Include="ctsMediaStreamClient.cpp">
      <Filter>MediaStreaming</Filter>
    </ClCompile>
    <ClCompile Include="ctsWinsockLayer.cpp">
      <Filter>WinsockCallouts</Filter>
    </ClCompile>
    <ClCompile Include="ctsIOPatternMediaStream.cpp">
      <Filter>MediaStreaming</Filter>
    </ClCompile>
    <ClCompile Include="ctsMediaStreamServer.cpp">
      <Filter>MediaStreaming</Filter>
    </ClCompile>
    <ClCompile Include="ctsWSASocket.cpp">
      <Filter>TCPFunctions</Filter>
    </ClCompile>
    <ClCompile Include="ctsSimpleAccept.cpp">
      <Filter>TCPFunctions</Filter>
    </ClCompile>
    <ClCompile Include="ctsSimpleConnect.cpp">
      <Filter>TCPFunctions</Filter>
    </ClCompile>
    <ClCompile Include="ctsAcceptEx.cpp">
      <Filter>TCPFunctions</Filter>
    </ClCompile>
    <ClCompile Include="ctsConnectEx.cpp">
      <Filter>TCPFunctions</Filter>
    </ClCompile>
    <ClCompile Include="ctsReadWriteIocp.cpp">
      <Filter>TCPFunctions</Filter>
    </ClCompile>
    <ClCompile Include="ctsSendRecvIocp.cpp">
      <Filter>TCPFunctions</Filter>
    </ClCompile>
    <ClCompile Include="ctsRioIocp.cpp">
      <Filter>TCPFunctions</Filter>
    </ClCompile>
  </ItemGroup>
  <ItemGroup>
    <ResourceCompile Include="Resource.rc">
      <Filter>Resource Files</Filter>
    </ResourceCompile>
  </ItemGroup>
  <ItemGroup>
    <ClInclude Include="ctsConfig.h">
      <Filter>Header Files</Filter>
    </ClInclude>
    <ClInclude Include="ctsIOPattern.h">
      <Filter>Header Files</Filter>
    </ClInclude>
    <ClInclude Include="ctsIOTask.hpp">
      <Filter>Header Files</Filter>
    </ClInclude>
    <ClInclude Include="ctsLogger.hpp">
      <Filter>Header Files</Filter>
    </ClInclude>
    <ClInclude Include="ctsPrintStatus.hpp">
      <Filter>Header Files</Filter>
    </ClInclude>
    <ClInclude Include="ctsSocket.h">
      <Filter>Header Files</Filter>
    </ClInclude>
    <ClInclude Include="ctsSocketBroker.h">
      <Filter>Header Files</Filter>
    </ClInclude>
    <ClInclude Include="ctsSocketState.h">
      <Filter>Header Files</Filter>
    </ClInclude>
    <ClInclude Include="targetver.h">
      <Filter>Header Files</Filter>
    </ClInclude>
    <ClInclude Include="..\ctl\ctException.hpp">
      <Filter>ctl</Filter>
    </ClInclude>
    <ClInclude Include="..\ctl\ctNetAdapterAddresses.hpp">
      <Filter>ctl</Filter>
    </ClInclude>
    <ClInclude Include="..\ctl\ctRandom.hpp">
      <Filter>ctl</Filter>
    </ClInclude>
    <ClInclude Include="..\ctl\ctSocketExtensions.hpp">
      <Filter>ctl</Filter>
    </ClInclude>
    <ClInclude Include="..\ctl\ctString.hpp">
      <Filter>ctl</Filter>
    </ClInclude>
    <ClInclude Include="..\ctl\ctThreadIocp.hpp">
      <Filter>ctl</Filter>
    </ClInclude>
    <ClInclude Include="..\ctl\ctThreadPoolTimer.hpp">
      <Filter>ctl</Filter>
    </ClInclude>
    <ClInclude Include="..\ctl\ctTimer.hpp">
      <Filter>ctl</Filter>
    </ClInclude>
    <ClInclude Include="..\ctl\ctSockaddr.hpp">
      <Filter>ctl</Filter>
    </ClInclude>
    <ClInclude Include="ctsSafeInt.hpp">
      <Filter>Header Files</Filter>
    </ClInclude>
    <ClInclude Include="ctsIOPatternState.hpp">
      <Filter>Header Files</Filter>
    </ClInclude>
    <ClInclude Include="ctsStatistics.hpp">
      <Filter>Header Files</Filter>
    </ClInclude>
    <ClInclude Include="ctsIOBuffers.hpp">
      <Filter>Header Files</Filter>
    </ClInclude>
    <ClInclude Include="ctsIOPatternProtocolPolicy.hpp">
      <Filter>FutureIOPattern</Filter>
    </ClInclude>
    <ClInclude Include="ctsIOPatternRateLimitPolicy.hpp">
      <Filter>FutureIOPattern</Filter>
    </ClInclude>
    <ClInclude Include="resource.h">
      <Filter>Resource Files</Filter>
    </ClInclude>
    <ClInclude Include="ctsIOPatternT.h">
      <Filter>FutureIOPattern</Filter>
    </ClInclude>
    <ClInclude Include="ctsMediaStreamProtocol.hpp">
      <Filter>MediaStreaming</Filter>
    </ClInclude>
    <ClInclude Include="ctsMediaStreamServerConnectedSocket.h">
      <Filter>MediaStreaming</Filter>
    </ClInclude>
    <ClInclude Include="ctsMediaStreamServerListeningSocket.h">
      <Filter>MediaStreaming</Filter>
    </ClInclude>
    <ClInclude Include="ctsMediaStreamServer.h">
      <Filter>MediaStreaming</Filter>
    </ClInclude>
    <ClInclude Include="ctsMediaStreamClient.h">
      <Filter>MediaStreaming</Filter>
    </ClInclude>
    <ClInclude Include="ctsWinsockLayer.h">
      <Filter>WinsockCallouts</Filter>
    </ClInclude>
    <ClInclude Include="..\ctl\ctComInitialize.hpp">
      <Filter>ctl</Filter>
    </ClInclude>
    <ClInclude Include="..\ctl\ctMath.hpp">
      <Filter>ctl</Filter>
    </ClInclude>
    <ClInclude Include="..\ctl\ctWmiClassObject.hpp">
      <Filter>ctl</Filter>
    </ClInclude>
    <ClInclude Include="..\ctl\ctWmiEnumerate.hpp">
      <Filter>ctl</Filter>
    </ClInclude>
    <ClInclude Include="..\ctl\ctWmiException.hpp">
      <Filter>ctl</Filter>
    </ClInclude>
    <ClInclude Include="..\ctl\ctWmiInitialize.hpp">
      <Filter>ctl</Filter>
    </ClInclude>
    <ClInclude Include="..\ctl\ctWmiInstance.hpp">
      <Filter>ctl</Filter>
    </ClInclude>
    <ClInclude Include="..\ctl\ctWmiProperties.hpp">
      <Filter>ctl</Filter>
    </ClInclude>
    <ClInclude Include="..\ctl\ctWmiService.hpp">
      <Filter>ctl</Filter>
    </ClInclude>
    <ClInclude Include="ctsIOPatternBufferPolicy.hpp">
      <Filter>FutureIOPattern</Filter>
    </ClInclude>
    <ClInclude Include="..\SdkChanges\WbemDisp.h">
      <Filter>SdkChanges</Filter>
    </ClInclude>
    <ClInclude Include="ctsTCPFunctions.h">
      <Filter>TCPFunctions</Filter>
    </ClInclude>
    <ClInclude Include="..\ctl\ctWmiPerformance.hpp">
      <Filter>ctl</Filter>
    </ClInclude>
    <ClInclude Include="..\ctl\ctWmiVariant.hpp">
      <Filter>ctl</Filter>
    </ClInclude>
    <ClInclude Include="..\ctl\ctMemoryGuard.hpp">
      <Filter>ctl</Filter>
    </ClInclude>
  </ItemGroup>
  <ItemGroup>
    <None Include="..\TestScripts\ctsTraffic_acceptance_test.cmd">
      <Filter>TestScripts</Filter>
    </None>
    <None Include="packages.config" />
  </ItemGroup>
  <ItemGroup>
    <Text Include="..\TestScripts\streaming.txt">
      <Filter>TestScripts</Filter>
    </Text>
  </ItemGroup>
</Project>