
Microsoft Visual Studio Solution File, Format Version 12.00
# Visual Studio Version 17
VisualStudioVersion = 17.0.31903.59
MinimumVisualStudioVersion = 12.0.30723.0
Project("{8BC9CEB8-8B4A-11D0-8D11-00A0C91BC942}") = "ctsTraffic", "ctsTraffic\ctsTraffic.vcxproj", "{0857150B-4FC8-4B6D-A48C-903C629D9BB9}"
EndProject
Project("{8BC9CEB8-8B4A-11D0-8D11-00A0C91BC942}") = "ctsMediaStreamProtocolUnitTest", "MSTest\ctsMediaStreamSendBuffer\ctsMediaStreamSendBufferUnitTest.vcxproj", "{0D761E6B-7871-4464-AC2E-B1357B6C0915}"
EndProject
Project("{8BC9CEB8-8B4A-11D0-8D11-00A0C91BC942}") = "ctsSocketUnitTest", "MSTest\ctsSocketUnitTest\ctsSocketUnitTest.vcxproj", "{FB78B82F-1483-4F85-B43B-7BA62B0C21BE}"
EndProject
Project("{8BC9CEB8-8B4A-11D0-8D11-00A0C91BC942}") = "ctsSocketStateUnitTest", "MSTest\ctsSocketStateUnitTest\ctsSocketStateUnitTest.vcxproj", "{4DD7A8C0-B4B6-4C57-8F02-ADC3DF4AF7B3}"
EndProject
Project("{8BC9CEB8-8B4A-11D0-8D11-00A0C91BC942}") = "ctsSocketBrokerUnitTest", "MSTest\ctsSocketBrokerUnitTest\ctsSocketBrokerUnitTest.vcxproj", "{C68EB4CF-7C8B-4382-B9CA-B186B92BA944}"
EndProject
Project("{8BC9CEB8-8B4A-11D0-8D11-00A0C91BC942}") = "ctsIOPatternUnitTest_Client", "MSTest\ctsIOPatternUnitTest_Client\ctsIOPatternUnitTest_Client.vcxproj", "{E8FDF824-EDCD-4C71-A181-C63CF7FD1905}"
EndProject
Project("{8BC9CEB8-8B4A-11D0-8D11-00A0C91BC942}") = "ctsIOPatternStateUnitTest", "MSTest\ctsIOPatternStateUnitTest\ctsIOPatternStateUnitTest.vcxproj", "{529C70CA-928F-45F1-B4E1-2D0F2B0D5205}"
EndProject
Project("{8BC9CEB8-8B4A-11D0-8D11-00A0C91BC942}") = "ctsIOPatternProtocolPolicyUnitTest", "MSTest\ctsIOPatternProtocolPolicyUnitTest\ctsIOPatternProtocolPolicyUnitTest.vcxproj", "{8C53AD53-E84C-4A13-ABE7-1BF779B06D9A}"
EndProject
Project("{8BC9CEB8-8B4A-11D0-8D11-00A0C91BC942}") = "ctsStatisticsUnitTest", "MSTest\ctsStatisticsUnitTest\ctsStatisticsUnitTest.vcxproj", "{9878232A-847A-4E18-ACD3-929857477859}"
EndProject
Project("{8BC9CEB8-8B4A-11D0-8D11-00A0C91BC942}") = "ctsIOPatternUnitTest_Server", "MSTest\ctsIOPatternUnitTest_Server\ctsIOPatternUnitTest_Server.vcxproj", "{94EED6D8-6D55-429B-8E0F-717785DED572}"
EndProject
Project("{8BC9CEB8-8B4A-11D0-8D11-00A0C91BC942}") = "ctsIOPatternRateLimitPolicyUnitTest", "MSTest\ctsIOPatternRateLimitPolicyUnitTest\ctsIOPatternRateLimitPolicyUnitTest.vcxproj", "{03C06937-FC3B-470E-8ED9-025BA6066381}"
EndProject
Project("{8BC9CEB8-8B4A-11D0-8D11-00A0C91BC942}") = "ctsMediaStreamServerConnectedSocketUnitTest", "MSTest\ctsMediaStreamServerConnectedSocketUnitTest\ctsMediaStreamServerConnectedSocketUnitTest.vcxproj", "{47AB4470-4617-47FA-9529-3A1D1DA7FAA0}"
EndProject
Project("{2150E333-8FDC-42A3-9474-1A3956D46DE8}") = "UnitTests", "UnitTests", "{F6BA338C-59FD-4354-9F13-1B5511486DC9}"
EndProject
Project("{8BC9CEB8-8B4A-11D0-8D11-00A0C91BC942}") = "ctsPerf", "ctsPerf\ctsPerf.vcxproj", "{F7316F57-89E3-4BC7-A642-8B000EA06C44}"
EndProject
Global
	GlobalSection(SolutionConfigurationPlatforms) = preSolution
		Debug|ARM64 = Debug|ARM64
		Debug|Win32 = Debug|Win32
		Debug|x64 = Debug|x64
		Release|ARM64 = Release|ARM64
		Release|Win32 = Release|Win32
		Release|x64 = Release|x64
	EndGlobalSection
	GlobalSection(ProjectConfigurationPlatforms) = postSolution
		{0857150B-4FC8-4B6D-A48C-903C629D9BB9}.Debug|ARM64.ActiveCfg = Debug|ARM64
		{0857150B-4FC8-4B6D-A48C-903C629D9BB9}.Debug|ARM64.Build.0 = Debug|ARM64
		{0857150B-4FC8-4B6D-A48C-903C629D9BB9}.Debug|Win32.ActiveCfg = Debug|Win32
		{0857150B-4FC8-4B6D-A48C-903C629D9BB9}.Debug|Win32.Build.0 = Debug|Win32
		{0857150B-4FC8-4B6D-A48C-903C629D9BB9}.Debug|x64.ActiveCfg = Debug|x64
		{0857150B-4FC8-4B6D-A48C-903C629D9BB9}.Debug|x64.Build.0 = Debug|x64
		{0857150B-4FC8-4B6D-A48C-903C629D9BB9}.Release|ARM64.ActiveCfg = Release|ARM64
		{0857150B-4FC8-4B6D-A48C-903C629D9BB9}.Release|ARM64.Build.0 = Release|ARM64
		{0857150B-4FC8-4B6D-A48C-903C629D9BB9}.Release|Win32.ActiveCfg = Release|Win32
		{0857150B-4FC8-4B6D-A48C-903C629D9BB9}.Release|Win32.Build.0 = Release|Win32
		{0857150B-4FC8-4B6D-A48C-903C629D9BB9}.Release|x64.ActiveCfg = Release|x64
		{0857150B-4FC8-4B6D-A48C-903C629D9BB9}.Release|x64.Build.0 = Release|x64
		{0D761E6B-7871-4464-AC2E-B1357B6C0915}.Debug|ARM64.ActiveCfg = Debug|ARM64
		{0D761E6B-7871-4464-AC2E-B1357B6C0915}.Debug|Win32.ActiveCfg = Debug|Win32
		{0D761E6B-7871-4464-AC2E-B1357B6C0915}.Debug|Win32.Build.0 = Debug|Win32
		{0D761E6B-7871-4464-AC2E-B1357B6C0915}.Debug|x64.ActiveCfg = Debug|x64
		{0D761E6B-7871-4464-AC2E-B1357B6C0915}.Release|ARM64.ActiveCfg = Release|ARM64
		{0D761E6B-7871-4464-AC2E-B1357B6C0915}.Release|Win32.ActiveCfg = Release|Win32
		{0D761E6B-7871-4464-AC2E-B1357B6C0915}.Release|x64.ActiveCfg = Debug|Win32
		{FB78B82F-1483-4F85-B43B-7BA62B0C21BE}.Debug|ARM64.ActiveCfg = Debug|ARM64
		{FB78B82F-1483-4F85-B43B-7BA62B0C21BE}.Debug|Win32.ActiveCfg = Debug|Win32
		{FB78B82F-1483-4F85-B43B-7BA62B0C21BE}.Debug|Win32.Build.0 = Debug|Win32
		{FB78B82F-1483-4F85-B43B-7BA62B0C21BE}.Debug|x64.ActiveCfg = Debug|x64
		{FB78B82F-1483-4F85-B43B-7BA62B0C21BE}.Release|ARM64.ActiveCfg = Release|ARM64
		{FB78B82F-1483-4F85-B43B-7BA62B0C21BE}.Release|Win32.ActiveCfg = Release|Win32
		{FB78B82F-1483-4F85-B43B-7BA62B0C21BE}.Release|x64.ActiveCfg = Debug|Win32
		{4DD7A8C0-B4B6-4C57-8F02-ADC3DF4AF7B3}.Debug|ARM64.ActiveCfg = Debug|ARM64
		{4DD7A8C0-B4B6-4C57-8F02-ADC3DF4AF7B3}.Debug|Win32.ActiveCfg = Debug|Win32
		{4DD7A8C0-B4B6-4C57-8F02-ADC3DF4AF7B3}.Debug|Win32.Build.0 = Debug|Win32
		{4DD7A8C0-B4B6-4C57-8F02-ADC3DF4AF7B3}.Debug|x64.ActiveCfg = Debug|x64
		{4DD7A8C0-B4B6-4C57-8F02-ADC3DF4AF7B3}.Release|ARM64.ActiveCfg = Release|ARM64
		{4DD7A8C0-B4B6-4C57-8F02-ADC3DF4AF7B3}.Release|Win32.ActiveCfg = Release|Win32
		{4DD7A8C0-B4B6-4C57-8F02-ADC3DF4AF7B3}.Release|x64.ActiveCfg = Debug|Win32
		{C68EB4CF-7C8B-4382-B9CA-B186B92BA944}.Debug|ARM64.ActiveCfg = Debug|ARM64
		{C68EB4CF-7C8B-4382-B9CA-B186B92BA944}.Debug|Win32.ActiveCfg = Debug|Win32
		{C68EB4CF-7C8B-4382-B9CA-B186B92BA944}.Debug|Win32.Build.0 = Debug|Win32
		{C68EB4CF-7C8B-4382-B9CA-B186B92BA944}.Debug|x64.ActiveCfg = Debug|x64
		{C68EB4CF-7C8B-4382-B9CA-B186B92BA944}.Release|ARM64.ActiveCfg = Release|ARM64
		{C68EB4CF-7C8B-4382-B9CA-B186B92BA944}.Release|Win32.ActiveCfg = Release|Win32
		{C68EB4CF-7C8B-4382-B9CA-B186B92BA944}.Release|x64.ActiveCfg = Debug|Win32
		{E8FDF824-EDCD-4C71-A181-C63CF7FD1905}.Debug|ARM64.ActiveCfg = Debug|ARM64
		{E8FDF824-EDCD-4C71-A181-C63CF7FD1905}.Debug|Win32.ActiveCfg = Debug|Win32
		{E8FDF824-EDCD-4C71-A181-C63CF7FD1905}.Debug|Win32.Build.0 = Debug|Win32
		{E8FDF824-EDCD-4C71-A181-C63CF7FD1905}.Debug|x64.ActiveCfg = Debug|x64
		{E8FDF824-EDCD-4C71-A181-C63CF7FD1905}.Release|ARM64.ActiveCfg = Release|ARM64
		{E8FDF824-EDCD-4C71-A181-C63CF7FD1905}.Release|Win32.ActiveCfg = Release|Win32
		{E8FDF824-EDCD-4C71-A181-C63CF7FD1905}.Release|x64.ActiveCfg = Debug|Win32
		{529C70CA-928F-45F1-B4E1-2D0F2B0D5205}.Debug|ARM64.ActiveCfg = Debug|ARM64
		{529C70CA-928F-45F1-B4E1-2D0F2B0D5205}.Debug|Win32.ActiveCfg = Debug|Win32
		{529C70CA-928F-45F1-B4E1-2D0F2B0D5205}.Debug|Win32.Build.0 = Debug|Win32
		{529C70CA-928F-45F1-B4E1-2D0F2B0D5205}.Debug|x64.ActiveCfg = Debug|x64
		{529C70CA-928F-45F1-B4E1-2D0F2B0D5205}.Release|ARM64.ActiveCfg = Release|ARM64
		{529C70CA-928F-45F1-B4E1-2D0F2B0D5205}.Release|Win32.ActiveCfg = Release|Win32
		{529C70CA-928F-45F1-B4E1-2D0F2B0D5205}.Release|x64.ActiveCfg = Debug|Win32
		{8C53AD53-E84C-4A13-ABE7-1BF779B06D9A}.Debug|ARM64.ActiveCfg = Debug|ARM64
		{8C53AD53-E84C-4A13-ABE7-1BF779B06D9A}.Debug|Win32.ActiveCfg = Debug|Win32
		{8C53AD53-E84C-4A13-ABE7-1BF779B06D9A}.Debug|Win32.Build.0 = Debug|Win32
		{8C53AD53-E84C-4A13-ABE7-1BF779B06D9A}.Debug|x64.ActiveCfg = Debug|Win32
		{8C53AD53-E84C-4A13-ABE7-1BF779B06D9A}.Release|ARM64.ActiveCfg = Release|ARM64
		{8C53AD53-E84C-4A13-ABE7-1BF779B06D9A}.Release|Win32.ActiveCfg = Debug|Win32
		{8C53AD53-E84C-4A13-ABE7-1BF779B06D9A}.Release|x64.ActiveCfg = Debug|Win32
		{9878232A-847A-4E18-ACD3-929857477859}.Debug|ARM64.ActiveCfg = Debug|ARM64
		{9878232A-847A-4E18-ACD3-929857477859}.Debug|Win32.ActiveCfg = Debug|Win32
		{9878232A-847A-4E18-ACD3-929857477859}.Debug|Win32.Build.0 = Debug|Win32
		{9878232A-847A-4E18-ACD3-929857477859}.Debug|x64.ActiveCfg = Debug|x64
		{9878232A-847A-4E18-ACD3-929857477859}.Release|ARM64.ActiveCfg = Release|ARM64
		{9878232A-847A-4E18-ACD3-929857477859}.Release|Win32.ActiveCfg = Release|Win32
		{9878232A-847A-4E18-ACD3-929857477859}.Release|x64.ActiveCfg = Debug|Win32
		{94EED6D8-6D55-429B-8E0F-717785DED572}.Debug|ARM64.ActiveCfg = Debug|ARM64
		{94EED6D8-6D55-429B-8E0F-717785DED572}.Debug|Win32.ActiveCfg = Debug|Win32
		{94EED6D8-6D55-429B-8E0F-717785DED572}.Debug|Win32.Build.0 = Debug|Win32
		{94EED6D8-6D55-429B-8E0F-717785DED572}.Debug|x64.ActiveCfg = Debug|x64
		{94EED6D8-6D55-429B-8E0F-717785DED572}.Release|ARM64.ActiveCfg = Release|ARM64
		{94EED6D8-6D55-429B-8E0F-717785DED572}.Release|Win32.ActiveCfg = Release|Win32
		{94EED6D8-6D55-429B-8E0F-717785DED572}.Release|x64.ActiveCfg = Debug|Win32
		{03C06937-FC3B-470E-8ED9-025BA6066381}.Debug|ARM64.ActiveCfg = Debug|ARM64
		{03C06937-FC3B-470E-8ED9-025BA6066381}.Debug|Win32.ActiveCfg = Debug|Win32
		{03C06937-FC3B-470E-8ED9-025BA6066381}.Debug|Win32.Build.0 = Debug|Win32
		{03C06937-FC3B-470E-8ED9-025BA6066381}.Debug|x64.ActiveCfg = Debug|x64
		{03C06937-FC3B-470E-8ED9-025BA6066381}.Release|ARM64.ActiveCfg = Release|ARM64
		{03C06937-FC3B-470E-8ED9-025BA6066381}.Release|Win32.ActiveCfg = Release|Win32
		{03C06937-FC3B-470E-8ED9-025BA6066381}.Release|x64.ActiveCfg = Debug|Win32
		{47AB4470-4617-47FA-9529-3A1D1DA7FAA0}.Debug|ARM64.ActiveCfg = Debug|ARM64
		{47AB4470-4617-47FA-9529-3A1D1DA7FAA0}.Debug|Win32.ActiveCfg = Debug|Win32
		{47AB4470-4617-47FA-9529-3A1D1DA7FAA0}.Debug|Win32.Build.0 = Debug|Win32
		{47AB4470-4617-47FA-9529-3A1D1DA7FAA0}.Debug|x64.ActiveCfg = Debug|x64
		{47AB4470-4617-47FA-9529-3A1D1DA7FAA0}.Release|ARM64.ActiveCfg = Release|ARM64
		{47AB4470-4617-47FA-9529-3A1D1DA7FAA0}.Release|Win32.ActiveCfg = Release|Win32
		{47AB4470-4617-47FA-9529-3A1D1DA7FAA0}.Release|x64.ActiveCfg = Release|x64
		{F7316F57-89E3-4BC7-A642-8B000EA06C44}.Debug|ARM64.ActiveCfg = Debug|ARM64
		{F7316F57-89E3-4BC7-A642-8B000EA06C44}.Debug|ARM64.Build.0 = Debug|ARM64
		{F7316F57-89E3-4BC7-A642-8B000EA06C44}.Debug|Win32.ActiveCfg = Debug|Win32
		{F7316F57-89E3-4BC7-A642-8B000EA06C44}.Debug|Win32.Build.0 = Debug|Win32
		{F7316F57-89E3-4BC7-A642-8B000EA06C44}.Debug|x64.ActiveCfg = Debug|x64
		{F7316F57-89E3-4BC7-A642-8B000EA06C44}.Debug|x64.Build.0 = Debug|x64
		{F7316F57-89E3-4BC7-A642-8B000EA06C44}.Release|ARM64.ActiveCfg = Release|ARM64
		{F7316F57-89E3-4BC7-A642-8B000EA06C44}.Release|ARM64.Build.0 = Release|ARM64
		{F7316F57-89E3-4BC7-A642-8B000EA06C44}.Release|Win32.ActiveCfg = Release|Win32
		{F7316F57-89E3-4BC7-A642-8B000EA06C44}.Release|Win32.Build.0 = Release|Win32
		{F7316F57-89E3-4BC7-A642-8B000EA06C44}.Release|x64.ActiveCfg = Release|x64
		{F7316F57-89E3-4BC7-A642-8B000EA06C44}.Release|x64.Build.0 = Release|x64
	EndGlobalSection
	GlobalSection(SolutionProperties) = preSolution
		HideSolutionNode = FALSE
	EndGlobalSection
	GlobalSection(NestedProjects) = preSolution
		{0D761E6B-7871-4464-AC2E-B1357B6C0915} = {F6BA338C-59FD-4354-9F13-1B5511486DC9}
		{FB78B82F-1483-4F85-B43B-7BA62B0C21BE} = {F6BA338C-59FD-4354-9F13-1B5511486DC9}
		{4DD7A8C0-B4B6-4C57-8F02-ADC3DF4AF7B3} = {F6BA338C-59FD-4354-9F13-1B5511486DC9}
		{C68EB4CF-7C8B-4382-B9CA-B186B92BA944} = {F6BA338C-59FD-4354-9F13-1B5511486DC9}
		{E8FDF824-EDCD-4C71-A181-C63CF7FD1905} = {F6BA338C-59FD-4354-9F13-1B5511486DC9}
		{529C70CA-928F-45F1-B4E1-2D0F2B0D5205} = {F6BA338C-59FD-4354-9F13-1B5511486DC9}
		{8C53AD53-E84C-4A13-ABE7-1BF779B06D9A} = {F6BA338C-59FD-4354-9F13-1B5511486DC9}
		{9878232A-847A-4E18-ACD3-929857477859} = {F6BA338C-59FD-4354-9F13-1B5511486DC9}
		{94EED6D8-6D55-429B-8E0F-717785DED572} = {F6BA338C-59FD-4354-9F13-1B5511486DC9}
		{03C06937-FC3B-470E-8ED9-025BA6066381} = {F6BA338C-59FD-4354-9F13-1B5511486DC9}
		{47AB4470-4617-47FA-9529-3A1D1DA7FAA0} = {F6BA338C-59FD-4354-9F13-1B5511486DC9}
	EndGlobalSection
	GlobalSection(ExtensibilityGlobals) = postSolution
		SolutionGuid = {42F8DAAC-2630-4A77-9E6A-99B56E2AAF01}
	EndGlobalSection
EndGlobal
