
Microsoft Visual Studio Solution File, Format Version 12.00
# Visual Studio 2013
VisualStudioVersion = 12.0.30723.0
MinimumVisualStudioVersion = 12.0.30723.0
Project("{8BC9CEB8-8B4A-11D0-8D11-00A0C91BC942}") = "ctsMediaStreamProtocolUnitTest", "ctsMediaStreamSendBuffer\ctsMediaStreamSendBufferUnitTest.vcxproj", "{0D761E6B-7871-4464-AC2E-B1357B6C0915}"
EndProject
Project("{8BC9CEB8-8B4A-11D0-8D11-00A0C91BC942}") = "ctsSocketUnitTest", "ctsSocketUnitTest\ctsSocketUnitTest.vcxproj", "{FB78B82F-1483-4F85-B43B-7BA62B0C21BE}"
EndProject
Project("{8BC9CEB8-8B4A-11D0-8D11-00A0C91BC942}") = "ctsSocketStateUnitTest", "ctsSocketStateUnitTest\ctsSocketStateUnitTest.vcxproj", "{4DD7A8C0-B4B6-4C57-8F02-ADC3DF4AF7B3}"
EndProject
Project("{8BC9CEB8-8B4A-11D0-8D11-00A0C91BC942}") = "ctsSocketBrokerUnitTest", "ctsSocketBrokerUnitTest\ctsSocketBrokerUnitTest.vcxproj", "{C68EB4CF-7C8B-4382-B9CA-B186B92BA944}"
EndProject
Project("{8BC9CEB8-8B4A-11D0-8D11-00A0C91BC942}") = "ctsIOPatternUnitTest_Client", "ctsIOPatternUnitTest_Client\ctsIOPatternUnitTest_Client.vcxproj", "{E8FDF824-EDCD-4C71-A181-C63CF7FD1905}"
EndProject
Project("{8BC9CEB8-8B4A-11D0-8D11-00A0C91BC942}") = "ctsIOPatternStateUnitTest", "ctsIOPatternStateUnitTest\ctsIOPatternStateUnitTest.vcxproj", "{529C70CA-928F-45F1-B4E1-2D0F2B0D5205}"
EndProject
Project("{8BC9CEB8-8B4A-11D0-8D11-00A0C91BC942}") = "ctsIOPatternStateTUnitTest", "ctsIOPatternProtocolPolicyUnitTest\ctsIOPatternProtocolPolicyUnitTest.vcxproj", "{8C53AD53-E84C-4A13-ABE7-1BF779B06D9A}"
EndProject
Project("{8BC9CEB8-8B4A-11D0-8D11-00A0C91BC942}") = "ctlScopeGuardUnitTest", "ctlScopeGuardUnitTest\ctlScopeGuardUnitTest.vcxproj", "{BAAFC22E-792F-467E-8AD3-CC98F4E71418}"
EndProject
Project("{8BC9CEB8-8B4A-11D0-8D11-00A0C91BC942}") = "ctsStatisticsUnitTest", "ctsStatisticsUnitTest\ctsStatisticsUnitTest.vcxproj", "{9878232A-847A-4E18-ACD3-929857477859}"
EndProject
Project("{8BC9CEB8-8B4A-11D0-8D11-00A0C91BC942}") = "ctsIOBuffersUnitTest_Client", "ctsIOBuffersUnitTest_Client\ctsIOBuffersUnitTest_Client.vcxproj", "{18F33C72-ABAB-4052-A6E0-140F9CB522E7}"
EndProject
Project("{8BC9CEB8-8B4A-11D0-8D11-00A0C91BC942}") = "ctsIOBuffersUnitTest_Server", "ctsIOBuffersUnitTest_Server\ctsIOBuffersUnitTest_Server.vcxproj", "{69C9FDF2-4CC4-49C3-88EE-7C75121EBC01}"
EndProject
Project("{8BC9CEB8-8B4A-11D0-8D11-00A0C91BC942}") = "ctsIOPatternUnitTest_Server", "ctsIOPatternUnitTest_Server\ctsIOPatternUnitTest_Server.vcxproj", "{94EED6D8-6D55-429B-8E0F-717785DED572}"
EndProject
Global
	GlobalSection(SolutionConfigurationPlatforms) = preSolution
		Debug|Win32 = Debug|Win32
		Debug|x64 = Debug|x64
		Release|Win32 = Release|Win32
		Release|x64 = Release|x64
	EndGlobalSection
	GlobalSection(ProjectConfigurationPlatforms) = postSolution
		{0D761E6B-7871-4464-AC2E-B1357B6C0915}.Debug|Win32.ActiveCfg = Debug|Win32
		{0D761E6B-7871-4464-AC2E-B1357B6C0915}.Debug|Win32.Build.0 = Debug|Win32
		{0D761E6B-7871-4464-AC2E-B1357B6C0915}.Debug|x64.ActiveCfg = Debug|x64
		{0D761E6B-7871-4464-AC2E-B1357B6C0915}.Debug|x64.Build.0 = Debug|x64
		{0D761E6B-7871-4464-AC2E-B1357B6C0915}.Release|Win32.ActiveCfg = Release|Win32
		{0D761E6B-7871-4464-AC2E-B1357B6C0915}.Release|Win32.Build.0 = Release|Win32
		{0D761E6B-7871-4464-AC2E-B1357B6C0915}.Release|x64.ActiveCfg = Release|Win32
		{FB78B82F-1483-4F85-B43B-7BA62B0C21BE}.Debug|Win32.ActiveCfg = Debug|Win32
		{FB78B82F-1483-4F85-B43B-7BA62B0C21BE}.Debug|Win32.Build.0 = Debug|Win32
		{FB78B82F-1483-4F85-B43B-7BA62B0C21BE}.Debug|x64.ActiveCfg = Debug|x64
		{FB78B82F-1483-4F85-B43B-7BA62B0C21BE}.Debug|x64.Build.0 = Debug|x64
		{FB78B82F-1483-4F85-B43B-7BA62B0C21BE}.Release|Win32.ActiveCfg = Release|Win32
		{FB78B82F-1483-4F85-B43B-7BA62B0C21BE}.Release|Win32.Build.0 = Release|Win32
		{FB78B82F-1483-4F85-B43B-7BA62B0C21BE}.Release|x64.ActiveCfg = Release|Win32
		{4DD7A8C0-B4B6-4C57-8F02-ADC3DF4AF7B3}.Debug|Win32.ActiveCfg = Debug|Win32
		{4DD7A8C0-B4B6-4C57-8F02-ADC3DF4AF7B3}.Debug|Win32.Build.0 = Debug|Win32
		{4DD7A8C0-B4B6-4C57-8F02-ADC3DF4AF7B3}.Debug|x64.ActiveCfg = Debug|x64
		{4DD7A8C0-B4B6-4C57-8F02-ADC3DF4AF7B3}.Debug|x64.Build.0 = Debug|x64
		{4DD7A8C0-B4B6-4C57-8F02-ADC3DF4AF7B3}.Release|Win32.ActiveCfg = Release|Win32
		{4DD7A8C0-B4B6-4C57-8F02-ADC3DF4AF7B3}.Release|Win32.Build.0 = Release|Win32
		{4DD7A8C0-B4B6-4C57-8F02-ADC3DF4AF7B3}.Release|x64.ActiveCfg = Release|Win32
		{C68EB4CF-7C8B-4382-B9CA-B186B92BA944}.Debug|Win32.ActiveCfg = Debug|Win32
		{C68EB4CF-7C8B-4382-B9CA-B186B92BA944}.Debug|Win32.Build.0 = Debug|Win32
		{C68EB4CF-7C8B-4382-B9CA-B186B92BA944}.Debug|x64.ActiveCfg = Debug|Win32
		{C68EB4CF-7C8B-4382-B9CA-B186B92BA944}.Release|Win32.ActiveCfg = Release|Win32
		{C68EB4CF-7C8B-4382-B9CA-B186B92BA944}.Release|Win32.Build.0 = Release|Win32
		{C68EB4CF-7C8B-4382-B9CA-B186B92BA944}.Release|x64.ActiveCfg = Release|Win32
		{E8FDF824-EDCD-4C71-A181-C63CF7FD1905}.Debug|Win32.ActiveCfg = Debug|Win32
		{E8FDF824-EDCD-4C71-A181-C63CF7FD1905}.Debug|Win32.Build.0 = Debug|Win32
		{E8FDF824-EDCD-4C71-A181-C63CF7FD1905}.Debug|x64.ActiveCfg = Debug|Win32
		{E8FDF824-EDCD-4C71-A181-C63CF7FD1905}.Release|Win32.ActiveCfg = Release|Win32
		{E8FDF824-EDCD-4C71-A181-C63CF7FD1905}.Release|Win32.Build.0 = Release|Win32
		{E8FDF824-EDCD-4C71-A181-C63CF7FD1905}.Release|x64.ActiveCfg = Release|Win32
		{529C70CA-928F-45F1-B4E1-2D0F2B0D5205}.Debug|Win32.ActiveCfg = Debug|Win32
		{529C70CA-928F-45F1-B4E1-2D0F2B0D5205}.Debug|Win32.Build.0 = Debug|Win32
		{529C70CA-928F-45F1-B4E1-2D0F2B0D5205}.Debug|x64.ActiveCfg = Debug|Win32
		{529C70CA-928F-45F1-B4E1-2D0F2B0D5205}.Release|Win32.ActiveCfg = Release|Win32
		{529C70CA-928F-45F1-B4E1-2D0F2B0D5205}.Release|Win32.Build.0 = Release|Win32
		{529C70CA-928F-45F1-B4E1-2D0F2B0D5205}.Release|x64.ActiveCfg = Release|Win32
		{8C53AD53-E84C-4A13-ABE7-1BF779B06D9A}.Debug|Win32.ActiveCfg = Debug|Win32
		{8C53AD53-E84C-4A13-ABE7-1BF779B06D9A}.Debug|Win32.Build.0 = Debug|Win32
		{8C53AD53-E84C-4A13-ABE7-1BF779B06D9A}.Debug|x64.ActiveCfg = Debug|Win32
		{8C53AD53-E84C-4A13-ABE7-1BF779B06D9A}.Release|Win32.ActiveCfg = Release|Win32
		{8C53AD53-E84C-4A13-ABE7-1BF779B06D9A}.Release|Win32.Build.0 = Release|Win32
		{8C53AD53-E84C-4A13-ABE7-1BF779B06D9A}.Release|x64.ActiveCfg = Release|Win32
		{BAAFC22E-792F-467E-8AD3-CC98F4E71418}.Debug|Win32.ActiveCfg = Debug|Win32
		{BAAFC22E-792F-467E-8AD3-CC98F4E71418}.Debug|Win32.Build.0 = Debug|Win32
		{BAAFC22E-792F-467E-8AD3-CC98F4E71418}.Debug|x64.ActiveCfg = Debug|x64
		{BAAFC22E-792F-467E-8AD3-CC98F4E71418}.Debug|x64.Build.0 = Debug|x64
		{BAAFC22E-792F-467E-8AD3-CC98F4E71418}.Release|Win32.ActiveCfg = Release|Win32
		{BAAFC22E-792F-467E-8AD3-CC98F4E71418}.Release|Win32.Build.0 = Release|Win32
		{BAAFC22E-792F-467E-8AD3-CC98F4E71418}.Release|x64.ActiveCfg = Release|x64
		{BAAFC22E-792F-467E-8AD3-CC98F4E71418}.Release|x64.Build.0 = Release|x64
		{9878232A-847A-4E18-ACD3-929857477859}.Debug|Win32.ActiveCfg = Debug|Win32
		{9878232A-847A-4E18-ACD3-929857477859}.Debug|Win32.Build.0 = Debug|Win32
		{9878232A-847A-4E18-ACD3-929857477859}.Debug|x64.ActiveCfg = Debug|Win32
		{9878232A-847A-4E18-ACD3-929857477859}.Release|Win32.ActiveCfg = Release|Win32
		{9878232A-847A-4E18-ACD3-929857477859}.Release|Win32.Build.0 = Release|Win32
		{9878232A-847A-4E18-ACD3-929857477859}.Release|x64.ActiveCfg = Release|Win32
		{18F33C72-ABAB-4052-A6E0-140F9CB522E7}.Debug|Win32.ActiveCfg = Debug|Win32
		{18F33C72-ABAB-4052-A6E0-140F9CB522E7}.Debug|Win32.Build.0 = Debug|Win32
		{18F33C72-ABAB-4052-A6E0-140F9CB522E7}.Debug|x64.ActiveCfg = Debug|Win32
		{18F33C72-ABAB-4052-A6E0-140F9CB522E7}.Release|Win32.ActiveCfg = Release|Win32
		{18F33C72-ABAB-4052-A6E0-140F9CB522E7}.Release|Win32.Build.0 = Release|Win32
		{18F33C72-ABAB-4052-A6E0-140F9CB522E7}.Release|x64.ActiveCfg = Release|Win32
		{69C9FDF2-4CC4-49C3-88EE-7C75121EBC01}.Debug|Win32.ActiveCfg = Debug|Win32
		{69C9FDF2-4CC4-49C3-88EE-7C75121EBC01}.Debug|Win32.Build.0 = Debug|Win32
		{69C9FDF2-4CC4-49C3-88EE-7C75121EBC01}.Debug|x64.ActiveCfg = Debug|Win32
		{69C9FDF2-4CC4-49C3-88EE-7C75121EBC01}.Release|Win32.ActiveCfg = Release|Win32
		{69C9FDF2-4CC4-49C3-88EE-7C75121EBC01}.Release|Win32.Build.0 = Release|Win32
		{69C9FDF2-4CC4-49C3-88EE-7C75121EBC01}.Release|x64.ActiveCfg = Release|Win32
		{94EED6D8-6D55-429B-8E0F-717785DED572}.Debug|Win32.ActiveCfg = Debug|Win32
		{94EED6D8-6D55-429B-8E0F-717785DED572}.Debug|Win32.Build.0 = Debug|Win32
		{94EED6D8-6D55-429B-8E0F-717785DED572}.Debug|x64.ActiveCfg = Debug|Win32
		{94EED6D8-6D55-429B-8E0F-717785DED572}.Release|Win32.ActiveCfg = Release|Win32
		{94EED6D8-6D55-429B-8E0F-717785DED572}.Release|Win32.Build.0 = Release|Win32
		{94EED6D8-6D55-429B-8E0F-717785DED572}.Release|x64.ActiveCfg = Release|Win32
	EndGlobalSection
	GlobalSection(SolutionProperties) = preSolution
		HideSolutionNode = FALSE
	EndGlobalSection
EndGlobal
